
Microsoft Visual Studio Solution File, Format Version 12.00
# Visual Studio Version 17
VisualStudioVersion = 17.6.33815.320
MinimumVisualStudioVersion = 10.0.40219.1
Project("{6870E480-7721-4708-BFB8-9AE898AA21B3}") = "GSDebugDataAnalysis", "GSDebugDataAnalysis.smproj", "{8CE414BB-95B2-4C99-9E03-51BA72086E22}"
EndProject
Project("{9A19103F-16F7-4668-BE54-9A1E7A4F7556}") = "GSDebugDataAnalysisWeb", "..\GSDebugDataAnalysisWeb\GSDebugDataAnalysisWeb.csproj", "{45DF1F85-548B-4F4A-BF6C-BA2AAB6F06DB}"
EndProject
Global
	GlobalSection(SolutionConfigurationPlatforms) = preSolution
		Debug|Any CPU = Debug|Any CPU
		Debug|x86 = Debug|x86
		Development|Any CPU = Development|Any CPU
		Development|x86 = Development|x86
		Release|Any CPU = Release|Any CPU
		Release|x86 = Release|x86
	EndGlobalSection
	GlobalSection(ProjectConfigurationPlatforms) = postSolution
		{8CE414BB-95B2-4C99-9E03-51BA72086E22}.Debug|Any CPU.ActiveCfg = Development|x86
		{8CE414BB-95B2-4C99-9E03-51BA72086E22}.Debug|Any CPU.Build.0 = Development|x86
		{8CE414BB-95B2-4C99-9E03-51BA72086E22}.Debug|Any CPU.Deploy.0 = Development|x86
		{8CE414BB-95B2-4C99-9E03-51BA72086E22}.Debug|x86.ActiveCfg = Development|x86
		{8CE414BB-95B2-4C99-9E03-51BA72086E22}.Debug|x86.Build.0 = Development|x86
		{8CE414BB-95B2-4C99-9E03-51BA72086E22}.Debug|x86.Deploy.0 = Development|x86
		{8CE414BB-95B2-4C99-9E03-51BA72086E22}.Development|Any CPU.ActiveCfg = Development|x86
		{8CE414BB-95B2-4C99-9E03-51BA72086E22}.Development|Any CPU.Build.0 = Development|x86
		{8CE414BB-95B2-4C99-9E03-51BA72086E22}.Development|Any CPU.Deploy.0 = Development|x86
		{8CE414BB-95B2-4C99-9E03-51BA72086E22}.Development|x86.ActiveCfg = Development|x86
		{8CE414BB-95B2-4C99-9E03-51BA72086E22}.Development|x86.Build.0 = Development|x86
		{8CE414BB-95B2-4C99-9E03-51BA72086E22}.Development|x86.Deploy.0 = Development|x86
		{8CE414BB-95B2-4C99-9E03-51BA72086E22}.Release|Any CPU.ActiveCfg = Development|x86
		{8CE414BB-95B2-4C99-9E03-51BA72086E22}.Release|Any CPU.Build.0 = Development|x86
		{8CE414BB-95B2-4C99-9E03-51BA72086E22}.Release|Any CPU.Deploy.0 = Development|x86
		{8CE414BB-95B2-4C99-9E03-51BA72086E22}.Release|x86.ActiveCfg = Development|x86
		{8CE414BB-95B2-4C99-9E03-51BA72086E22}.Release|x86.Build.0 = Development|x86
		{8CE414BB-95B2-4C99-9E03-51BA72086E22}.Release|x86.Deploy.0 = Development|x86
		{45DF1F85-548B-4F4A-BF6C-BA2AAB6F06DB}.Debug|Any CPU.ActiveCfg = Debug|Any CPU
		{45DF1F85-548B-4F4A-BF6C-BA2AAB6F06DB}.Debug|Any CPU.Build.0 = Debug|Any CPU
		{45DF1F85-548B-4F4A-BF6C-BA2AAB6F06DB}.Debug|x86.ActiveCfg = Debug|Any CPU
		{45DF1F85-548B-4F4A-BF6C-BA2AAB6F06DB}.Debug|x86.Build.0 = Debug|Any CPU
		{45DF1F85-548B-4F4A-BF6C-BA2AAB6F06DB}.Development|Any CPU.ActiveCfg = Debug|Any CPU
		{45DF1F85-548B-4F4A-BF6C-BA2AAB6F06DB}.Development|Any CPU.Build.0 = Debug|Any CPU
		{45DF1F85-548B-4F4A-BF6C-BA2AAB6F06DB}.Development|x86.ActiveCfg = Debug|Any CPU
		{45DF1F85-548B-4F4A-BF6C-BA2AAB6F06DB}.Development|x86.Build.0 = Debug|Any CPU
		{45DF1F85-548B-4F4A-BF6C-BA2AAB6F06DB}.Release|Any CPU.ActiveCfg = Release|Any CPU
		{45DF1F85-548B-4F4A-BF6C-BA2AAB6F06DB}.Release|Any CPU.Build.0 = Release|Any CPU
		{45DF1F85-548B-4F4A-BF6C-BA2AAB6F06DB}.Release|x86.ActiveCfg = Release|Any CPU
		{45DF1F85-548B-4F4A-BF6C-BA2AAB6F06DB}.Release|x86.Build.0 = Release|Any CPU
	EndGlobalSection
	GlobalSection(SolutionProperties) = preSolution
		HideSolutionNode = FALSE
	EndGlobalSection
	GlobalSection(ExtensibilityGlobals) = postSolution
		SolutionGuid = {89D9F67B-DB32-4BB6-A274-F8AEB4C4F1FD}
	EndGlobalSection
EndGlobal
